
Microsoft Visual Studio Solution File, Format Version 11.00
# Visual Studio 2010
Project("{FAE04EC0-301F-11D3-BF4B-00C04F79EFBC}") = "events4me", "events4me\events4me.csproj", "{EA72E1C3-BA31-4984-9DCD-F96B000301F0}"
EndProject
Project("{FAE04EC0-301F-11D3-BF4B-00C04F79EFBC}") = "WCFRest", "..\WCFRest\WCFRest\WCFRest.csproj", "{0FAB2105-62D1-4C79-BB84-9A6FFF95A6C3}"
EndProject
Project("{FAE04EC0-301F-11D3-BF4B-00C04F79EFBC}") = "events4me.data", "events4me.data\events4me.data.csproj", "{56AEFF81-0C25-4072-A742-98AD89613D6E}"
EndProject
Global
	GlobalSection(SolutionConfigurationPlatforms) = preSolution
		Debug|Any CPU = Debug|Any CPU
		Release|Any CPU = Release|Any CPU
	EndGlobalSection
	GlobalSection(ProjectConfigurationPlatforms) = postSolution
		{EA72E1C3-BA31-4984-9DCD-F96B000301F0}.Debug|Any CPU.ActiveCfg = Debug|Any CPU
		{EA72E1C3-BA31-4984-9DCD-F96B000301F0}.Debug|Any CPU.Build.0 = Debug|Any CPU
		{EA72E1C3-BA31-4984-9DCD-F96B000301F0}.Debug|Any CPU.Deploy.0 = Debug|Any CPU
		{EA72E1C3-BA31-4984-9DCD-F96B000301F0}.Release|Any CPU.ActiveCfg = Release|Any CPU
		{EA72E1C3-BA31-4984-9DCD-F96B000301F0}.Release|Any CPU.Build.0 = Release|Any CPU
		{EA72E1C3-BA31-4984-9DCD-F96B000301F0}.Release|Any CPU.Deploy.0 = Release|Any CPU
		{0FAB2105-62D1-4C79-BB84-9A6FFF95A6C3}.Debug|Any CPU.ActiveCfg = Debug|Any CPU
		{0FAB2105-62D1-4C79-BB84-9A6FFF95A6C3}.Debug|Any CPU.Build.0 = Debug|Any CPU
		{0FAB2105-62D1-4C79-BB84-9A6FFF95A6C3}.Release|Any CPU.ActiveCfg = Release|Any CPU
		{0FAB2105-62D1-4C79-BB84-9A6FFF95A6C3}.Release|Any CPU.Build.0 = Release|Any CPU
		{56AEFF81-0C25-4072-A742-98AD89613D6E}.Debug|Any CPU.ActiveCfg = Debug|Any CPU
		{56AEFF81-0C25-4072-A742-98AD89613D6E}.Debug|Any CPU.Build.0 = Debug|Any CPU
		{56AEFF81-0C25-4072-A742-98AD89613D6E}.Release|Any CPU.ActiveCfg = Release|Any CPU
		{56AEFF81-0C25-4072-A742-98AD89613D6E}.Release|Any CPU.Build.0 = Release|Any CPU
	EndGlobalSection
	GlobalSection(SolutionProperties) = preSolution
		HideSolutionNode = FALSE
	EndGlobalSection
EndGlobal
